
Microsoft Visual Studio Solution File, Format Version 12.00
# Visual Studio Version 17
VisualStudioVersion = 17.1.32319.34
MinimumVisualStudioVersion = 10.0.40219.1
Project("{FAE04EC0-301F-11D3-BF4B-00C04F79EFBC}") = "Fechas30", "Fechas30\Fechas30.csproj", "{79956CCD-441D-4018-AFF6-BB4F23BDDBBA}"
EndProject
Global
	GlobalSection(SolutionConfigurationPlatforms) = preSolution
		Debug|Any CPU = Debug|Any CPU
		Release|Any CPU = Release|Any CPU
	EndGlobalSection
	GlobalSection(ProjectConfigurationPlatforms) = postSolution
		{79956CCD-441D-4018-AFF6-BB4F23BDDBBA}.Debug|Any CPU.ActiveCfg = Debug|Any CPU
		{79956CCD-441D-4018-AFF6-BB4F23BDDBBA}.Debug|Any CPU.Build.0 = Debug|Any CPU
		{79956CCD-441D-4018-AFF6-BB4F23BDDBBA}.Release|Any CPU.ActiveCfg = Release|Any CPU
		{79956CCD-441D-4018-AFF6-BB4F23BDDBBA}.Release|Any CPU.Build.0 = Release|Any CPU
	EndGlobalSection
	GlobalSection(SolutionProperties) = preSolution
		HideSolutionNode = FALSE
	EndGlobalSection
	GlobalSection(ExtensibilityGlobals) = postSolution
		SolutionGuid = {A3BC1F1F-7700-4CBA-9C18-B7B6A95FF660}
	EndGlobalSection
EndGlobal
